# This file is autogenerated, do not edit; changes may be undone by the next 'dep ensure'.


[[projects]]
  digest = "1:5c3894b2aa4d6bead0ceeea6831b305d62879c871780e7b76296ded1b004bc57"
  name = "cloud.google.com/go"
  packages = ["compute/metadata"]
  pruneopts = "NUT"
  revision = "dfffe386c33fb24c34ee501e5723df5b97b98514"
  version = "v0.30.0"

[[projects]]
  branch = "master"
  digest = "1:707ebe952a8b3d00b343c01536c79c73771d100f63ec6babeaed5c79e2b8a8dd"
  name = "github.com/beorn7/perks"
  packages = ["quantile"]
  pruneopts = "NUT"
  revision = "3a771d992973f24aa725d07868b467d1ddfceafb"

[[projects]]
  branch = "master"
  digest = "1:8ecb89af7dfe3ac401bdb0c9390b134ef96a97e85f732d2b0604fb7b3977839f"
  name = "github.com/codahale/hdrhistogram"
  packages = ["."]
  pruneopts = "NUT"
  revision = "3a0bb77429bd3a61596f5e8a3172445844342120"

[[projects]]
  digest = "1:ffe9824d294da03b391f44e1ae8281281b4afc1bdaa9588c9097785e3af10cec"
  name = "github.com/davecgh/go-spew"
  packages = ["spew"]
  pruneopts = "NUT"
  revision = "8991bc29aa16c548c550c7ff78260e27b9ab7c73"
  version = "v1.1.1"

[[projects]]
  digest = "1:1b91ae0dc69a41d4c2ed23ea5cffb721ea63f5037ca4b81e6d6771fbb8f45129"
  name = "github.com/fsnotify/fsnotify"
  packages = ["."]
  pruneopts = "NUT"
  revision = "c2828203cd70a50dcccfb2761f8b1f8ceef9a8e9"
  version = "v1.4.7"

[[projects]]
  digest = "1:81466b4218bf6adddac2572a30ac733a9255919bc2f470b4827a317bd4ee1756"
  name = "github.com/ghodss/yaml"
  packages = ["."]
  pruneopts = "NUT"
  revision = "0ca9ea5df5451ffdf184b4428c902747c2c11cd7"
  version = "v1.0.0"

[[projects]]
  branch = "master"
  digest = "1:dfd1bfac4ef78bce8efe6c52548baaaba18f634c0101581f4773336c653289c2"
  name = "github.com/gogo/googleapis"
  packages = ["google/rpc"]
  pruneopts = "NUT"
  revision = "8558fb44d2f1fc223118afc694129d2c2d2924d1"

[[projects]]
  digest = "1:da39f4a22829ca95e63566208e0ea42d6f055f41dff1b14fdab88d88f62df653"
  name = "github.com/gogo/protobuf"
  packages = [
    "gogoproto",
    "jsonpb",
    "proto",
    "protoc-gen-gogo/descriptor",
    "sortkeys",
    "types",
  ]
  pruneopts = "T"
  revision = "636bf0302bc95575d69441b25a2603156ffdddf1"
  version = "v1.1.1"

[[projects]]
  digest = "1:93dfbd1ff3309dcd3573c7fec6ae3db24cba9a2373bcf303008ed8e8262b57e0"
  name = "github.com/gogo/status"
  packages = ["."]
  pruneopts = "NUT"
  revision = "d60b5acac426cb52f7e28124c6aaa862d9f339f5"

[[projects]]
  branch = "master"
  digest = "1:e2b86e41f3d669fc36b50d31d32d22c8ac656c75aa5ea89717ce7177e134ff2a"
  name = "github.com/golang/glog"
  packages = ["."]
  pruneopts = "NUT"
  revision = "23def4e6c14b4da8ac2ed8007337bc5eb5007998"

[[projects]]
  digest = "1:63ccdfbd20f7ccd2399d0647a7d100b122f79c13bb83da9660b1598396fd9f62"
  name = "github.com/golang/protobuf"
  packages = [
    "proto",
    "ptypes",
    "ptypes/any",
    "ptypes/duration",
    "ptypes/timestamp",
  ]
  pruneopts = "NUT"
  revision = "aa810b61a9c79d51363740d207bb46cf8e620ed5"
  version = "v1.2.0"

[[projects]]
  branch = "master"
  digest = "1:05f95ffdfcf651bdb0f05b40b69e7f5663047f8da75c72d58728acb59b5cc107"
  name = "github.com/google/btree"
  packages = ["."]
  pruneopts = "NUT"
  revision = "4030bb1f1f0c35b30ca7009e9ebd06849dd45306"

[[projects]]
  branch = "master"
  digest = "1:52c5834e2bebac9030c97cc0798ac11c3aa8a39f098aeb419f142533da6cd3cc"
  name = "github.com/google/gofuzz"
  packages = ["."]
  pruneopts = "NUT"
  revision = "24818f796faf91cd76ec7bddd72458fbced7a6c1"

[[projects]]
  digest = "1:06a7dadb7b760767341ffb6c8d377238d68a1226f2b21b5d497d2e3f6ecf6b4e"
  name = "github.com/googleapis/gnostic"
  packages = [
    "OpenAPIv2",
    "compiler",
    "extensions",
  ]
  pruneopts = "NUT"
  revision = "7c663266750e7d82587642f65e60bc4083f1f84e"
  version = "v0.2.0"

[[projects]]
  digest = "1:c01767916c59f084bb7c41a7d5877c0f3099b1595cfa066e84ec6ad6b084dd89"
  name = "github.com/gorilla/context"
  packages = ["."]
  pruneopts = "NUT"
  revision = "08b5f424b9271eedf6f9f0ce86cb9396ed337a42"
  version = "v1.1.1"

[[projects]]
  digest = "1:bf5cf1d53d703332e9bd8984c69784645b73a938317bf5ace9aadf20ac49379a"
  name = "github.com/gorilla/mux"
  packages = ["."]
  pruneopts = "NUT"
  revision = "e3702bed27f0d39777b0b37b664b6280e8ef8fbf"
  version = "v1.6.2"

[[projects]]
  branch = "master"
  digest = "1:7fdf3223c7372d1ced0b98bf53457c5e89d89aecbad9a77ba9fcc6e01f9e5621"
  name = "github.com/gregjones/httpcache"
  packages = [
    ".",
    "diskcache",
  ]
  pruneopts = "NUT"
  revision = "9cad4c3443a7200dd6400aef47183728de563a38"

[[projects]]
  branch = "master"
  digest = "1:7b760aa6dbe426378f54934270dde1b176fda379111da2154748f030fffe4d3f"
  name = "github.com/grpc-ecosystem/grpc-opentracing"
  packages = ["go/otgrpc"]
  pruneopts = "NUT"
  revision = "8e809c8a86450a29b90dcc9efbf062d0fe6d9746"

[[projects]]
  digest = "1:f0d9d74edbd40fdeada436d5ac9cb5197407899af3fef85ff0137077ffe8ae19"
  name = "github.com/hashicorp/errwrap"
  packages = ["."]
  pruneopts = "NUT"
  revision = "8a6fb523712970c966eefc6b39ed2c5e74880354"
  version = "v1.0.0"

[[projects]]
  branch = "master"
  digest = "1:2ed138049ab373f696db2081ca48f15c5abdf20893803612a284f2bdce2bf443"
  name = "github.com/hashicorp/go-multierror"
  packages = ["."]
  pruneopts = "NUT"
  revision = "886a7fbe3eb1c874d46f623bfa70af45f425b3d1"

[[projects]]
  digest = "1:b42cde0e1f3c816dd57f57f7bbcf05ca40263ad96f168714c130c611fc0856a6"
  name = "github.com/hashicorp/golang-lru"
  packages = [
    ".",
    "simplelru",
  ]
  pruneopts = "NUT"
  revision = "20f1fb78b0740ba8c3cb143a61e86ba5c8669768"
  version = "v0.5.0"

[[projects]]
  digest = "1:9a52adf44086cead3b384e5d0dbf7a1c1cce65e67552ee3383a8561c42a18cd3"
  name = "github.com/imdario/mergo"
  packages = ["."]
  pruneopts = "NUT"
  revision = "9f23e2d6bd2a77f959b2bf6acdbefd708a83a4a4"
  version = "v0.3.6"

[[projects]]
  digest = "1:406338ad39ab2e37b7f4452906442a3dbf0eb3379dd1f06aafb5c07e769a5fbb"
  name = "github.com/inconshreveable/mousetrap"
  packages = ["."]
  pruneopts = "NUT"
  revision = "76626ae9c91c4f2a10f34cad8ce83ea42c93bb75"
  version = "v1.0"

[[projects]]
  digest = "1:8e36686e8b139f8fe240c1d5cf3a145bc675c22ff8e707857cdd3ae17b00d728"
  name = "github.com/json-iterator/go"
  packages = ["."]
  pruneopts = "NUT"
  revision = "1624edc4454b8682399def8740d46db5e4362ba4"
  version = "v1.1.5"

[[projects]]
  branch = "master"
  digest = "1:f91bb67d051a94cf6ab2cf07eee0550432afc31655838d42cdec258db4b348f0"
  name = "github.com/kr/logfmt"
  packages = ["."]
  pruneopts = "NUT"
  revision = "b84e30acd515aadc4b783ad4ff83aff3299bdfe0"

[[projects]]
  branch = "master"
  digest = "1:853fe95bef4c5e8a70dcd405b5206b38a9ff09e9c26fef93d1d0adeaea39f9ce"
  name = "github.com/mailru/easyjson"
  packages = [
    ".",
    "buffer",
    "jlexer",
    "jwriter",
  ]
  pruneopts = "NUT"
  revision = "60711f1a8329503b04e1c88535f419d0bb440bff"

[[projects]]
  digest = "1:5985ef4caf91ece5d54817c11ea25f182697534f8ae6521eadcd628c142ac4b6"
  name = "github.com/matttproud/golang_protobuf_extensions"
  packages = ["pbutil"]
  pruneopts = "NUT"
  revision = "c12348ce28de40eed0136aa2b644d0ee0650e56c"
  version = "v1.0.1"

[[projects]]
  digest = "1:2f42fa12d6911c7b7659738758631bec870b7e9b4c6be5444f963cdcfccc191f"
  name = "github.com/modern-go/concurrent"
  packages = ["."]
  pruneopts = "NUT"
  revision = "bacd9c7ef1dd9b15be4a9909b8ac7a4e313eec94"
  version = "1.0.3"

[[projects]]
  digest = "1:c6aca19413b13dc59c220ad7430329e2ec454cc310bc6d8de2c7e2b93c18a0f6"
  name = "github.com/modern-go/reflect2"
  packages = ["."]
  pruneopts = "NUT"
  revision = "4b7aa43c6742a2c18fdef89dd197aaae7dac7ccd"
  version = "1.0.1"

[[projects]]
  digest = "1:80c34337e8a734e190f2d1b716cae774cca74db98315166f92074434e9af0227"
  name = "github.com/natefinch/lumberjack"
  packages = ["."]
  pruneopts = "NUT"
  revision = "a96e63847dc3c67d17befa69c303767e2f84e54f"
  version = "v2.1"

[[projects]]
  digest = "1:7da29c22bcc5c2ffb308324377dc00b5084650348c2799e573ed226d8cc9faf0"
  name = "github.com/opentracing/opentracing-go"
  packages = [
    ".",
    "ext",
    "log",
  ]
  pruneopts = "NUT"
  revision = "1949ddbfd147afd4d964a9f00b24eb291e0e7c38"
  version = "v1.0.2"

[[projects]]
  branch = "master"
  digest = "1:3bf17a6e6eaa6ad24152148a631d18662f7212e21637c2699bff3369b7f00fa2"
  name = "github.com/petar/GoLLRB"
  packages = ["llrb"]
  pruneopts = "NUT"
  revision = "53be0d36a84c2a886ca057d34b6aa4468df9ccb4"

[[projects]]
  digest = "1:6c6d91dc326ed6778783cff869c49fb2f61303cdd2ebbcf90abe53505793f3b6"
  name = "github.com/peterbourgon/diskv"
  packages = ["."]
  pruneopts = "NUT"
  revision = "5f041e8faa004a95c88a202771f4cc3e991971e6"
  version = "v2.0.1"

[[projects]]
  digest = "1:5cf3f025cbee5951a4ee961de067c8a89fc95a5adabead774f82822efabab121"
  name = "github.com/pkg/errors"
  packages = ["."]
  pruneopts = "NUT"
  revision = "645ef00459ed84a119197bfb8d8205042c6df63d"
  version = "v0.8.0"

[[projects]]
  digest = "1:0028cb19b2e4c3112225cd871870f2d9cf49b9b4276531f03438a88e94be86fe"
  name = "github.com/pmezard/go-difflib"
  packages = ["difflib"]
  pruneopts = "NUT"
  revision = "792786c7400a136282c1664665ae0a8db921c6c2"
  version = "v1.0.0"

[[projects]]
  digest = "1:aa2da1df3327c3a338bb42f978407c07de74cd0a5bef35e9411881dffd444214"
  name = "github.com/prometheus/client_golang"
  packages = [
    "prometheus",
    "prometheus/internal",
    "prometheus/promhttp",
  ]
  pruneopts = "NUT"
  revision = "1cafe34db7fdec6022e17e00e1c1ea501022f3e4"
  version = "v0.9.0"

[[projects]]
  branch = "master"
  digest = "1:2d5cd61daa5565187e1d96bae64dbbc6080dacf741448e9629c64fd93203b0d4"
  name = "github.com/prometheus/client_model"
  packages = ["go"]
  pruneopts = "NUT"
  revision = "5c3871d89910bfb32f5fcab2aa4b9ec68e65a99f"

[[projects]]
  branch = "master"
  digest = "1:712c7be114f13d52202e440ef99d6ff810fdf9e41e3e3f7bfbbfa6bd13985d5a"
  name = "github.com/prometheus/common"
  packages = [
    "expfmt",
    "internal/bitbucket.org/ww/goautoneg",
    "model",
  ]
  pruneopts = "NUT"
  revision = "bcb74de08d37a417cb6789eec1d6c810040f0470"

[[projects]]
  branch = "master"
  digest = "1:102dea0c03a915acfc634b7c67f2662012b5483b56d9025e33f5188e112759b6"
  name = "github.com/prometheus/procfs"
  packages = [
    ".",
    "internal/util",
    "nfs",
    "xfs",
  ]
  pruneopts = "NUT"
  revision = "185b4288413d2a0dd0806f78c90dde719829e5ae"

[[projects]]
  branch = "master"
  digest = "1:2f0b264fa0c7b1641cedb7cd11a24cc276d0c83f66391a75d467f700ceacbd68"
  name = "github.com/prometheus/prom2json"
  packages = ["."]
  pruneopts = "NUT"
  revision = "7b8ed2aed12952701e60d92bd2d91209dcd5eb1c"

[[projects]]
  branch = "master"
  digest = "1:ec0b4406ee4d860a33d6cf6748ec4c4546f6890e7c90d8fcf541e1ac7d9add91"
  name = "github.com/signalfx/com_signalfx_metrics_protobuf"
  packages = ["."]
  pruneopts = "UT"
  revision = "93e507b42f43f458a109ca278d1542a26a0b87fc"

[[projects]]
  branch = "master"
  digest = "1:e3e4baeb39e30cfbe15396d38cb3780f2d1788ebf2663d198ce041411dc04f37"
  name = "github.com/signalfx/gohistogram"
  packages = ["."]
  pruneopts = "NUT"
  revision = "1ccfd2ff508314074672f4450a917011a2060408"

[[projects]]
  digest = "1:c8033f417b25407bc7c99a1d941f56367ccc2ae69eb8ffe39be26eecd09829eb"
  name = "github.com/signalfx/golib"
  packages = [
    "datapoint",
    "errors",
    "event",
    "eventcounter",
    "log",
    "pointer",
    "sfxclient",
    "timekeeper",
    "trace",
    "trace/format",
  ]
  pruneopts = "NUT"
  revision = "271e7b77c46c2cb201be901a302cb181a9d1645a"
  version = "v2.0.0"

[[projects]]
  digest = "1:343d44e06621142ab09ae0c76c1799104cdfddd3ffb445d78b1adf8dc3ffaf3d"
  name = "github.com/spf13/cobra"
  packages = ["."]
  pruneopts = "NUT"
  revision = "ef82de70bb3f60c65fb8eebacbb2d122ef517385"
  version = "v0.0.3"

[[projects]]
  digest = "1:9d8420bbf131d1618bde6530af37c3799340d3762cc47210c1d9532a4c3a2779"
  name = "github.com/spf13/pflag"
  packages = ["."]
  pruneopts = "NUT"
  revision = "298182f68c66c05229eb03ac171abe6e309ee79a"
  version = "v1.0.3"

[[projects]]
  digest = "1:407d625a5effeb4e9d20fd790ff562381bbcc5269c1dfd5eef1213614e0b6036"
  name = "github.com/uber/jaeger-client-go"
  packages = [
    ".",
    "internal/baggage",
    "internal/spanlog",
    "internal/throttler",
    "log",
    "thrift",
    "thrift-gen/agent",
    "thrift-gen/jaeger",
    "thrift-gen/sampling",
    "thrift-gen/zipkincore",
    "transport",
    "transport/zipkin",
    "utils",
    "zipkin",
  ]
  pruneopts = "NUT"
  revision = "1a782e2da844727691fef1757c72eb190c2909f0"
  version = "v2.15.0"

[[projects]]
  digest = "1:0f09db8429e19d57c8346ad76fbbc679341fa86073d3b8fb5ac919f0357d8f4c"
  name = "github.com/uber/jaeger-lib"
  packages = ["metrics"]
  pruneopts = "NUT"
  revision = "ed3a127ec5fef7ae9ea95b01b542c47fbd999ce5"
  version = "v1.5.0"

[[projects]]
  digest = "1:ea58637cc22b0488102715e5191d6e2fa5303e0c08a4ef3fe97e44f8a9b5591e"
  name = "go.opencensus.io"
  packages = [
    ".",
    "exporter/prometheus",
    "internal",
    "internal/tagencoding",
    "plugin/ocgrpc",
    "plugin/ochttp/propagation/b3",
    "stats",
    "stats/internal",
    "stats/view",
    "tag",
    "trace",
    "trace/internal",
    "trace/propagation",
    "trace/tracestate",
  ]
  pruneopts = "NUT"
  revision = "79993219becaa7e29e3b60cb67f5b8e82dee11d6"
  version = "v0.17.0"

[[projects]]
  digest = "1:22f696cee54865fb8e9ff91df7b633f6b8f22037a8015253c6b6a71ca82219c7"
  name = "go.uber.org/atomic"
  packages = ["."]
  pruneopts = "NUT"
  revision = "1ea20fb1cbb1cc08cbd0d913a96dead89aa18289"
  version = "v1.3.2"

[[projects]]
  digest = "1:58ca93bdf81bac106ded02226b5395a0595d5346cdc4caa8d9c1f3a5f8f9976e"
  name = "go.uber.org/multierr"
  packages = ["."]
  pruneopts = "NUT"
  revision = "3c4937480c32f4c13a875a1829af76c98ca3d40a"
  version = "v1.1.0"

[[projects]]
  digest = "1:cb65d15dcf60c2729636ea04b10d108c8dda94396669badaac88dd2d0f55e9c8"
  name = "go.uber.org/zap"
  packages = [
    ".",
    "buffer",
    "internal/bufferpool",
    "internal/color",
    "internal/exit",
    "zapcore",
    "zapgrpc",
  ]
  pruneopts = "NUT"
  revision = "ff33455a0e382e8a81d14dd7c922020b6b5e7982"
  version = "v1.9.1"

[[projects]]
  branch = "master"
  digest = "1:3f3a05ae0b95893d90b9b3b5afdb79a9b3d96e4e36e099d841ae602e4aca0da8"
  name = "golang.org/x/crypto"
  packages = ["ssh/terminal"]
  pruneopts = "NUT"
  revision = "0c41d7ab0a0ee717d4590a44bcb987dfd9e183eb"

[[projects]]
  branch = "master"
  digest = "1:3033eba8bb0c8f2c6720e68e4c14e55b577ae9debb5f5b7b8cc6f319d89edc82"
  name = "golang.org/x/net"
  packages = [
    "context",
    "context/ctxhttp",
    "http/httpguts",
    "http2",
    "http2/hpack",
    "idna",
    "internal/timeseries",
    "trace",
  ]
  pruneopts = "NUT"
  revision = "04a2e542c03f1d053ab3e4d6e5abcd4b66e2be8e"

[[projects]]
  branch = "master"
  digest = "1:b0fef33b00740f7eeb5198f67ee1642d8d2560e9b428df7fb5f69fb140f5c4d0"
  name = "golang.org/x/oauth2"
  packages = [
    ".",
    "google",
    "internal",
    "jws",
    "jwt",
  ]
  pruneopts = "NUT"
  revision = "9dcd33a902f40452422c2367fefcb95b54f9f8f8"

[[projects]]
  branch = "master"
  digest = "1:71bcac4a94abe8132ef9c2bf008cca9579cda20194383b210b8d2e125777e982"
  name = "golang.org/x/sys"
  packages = [
    "unix",
    "windows",
  ]
  pruneopts = "NUT"
  revision = "fa43e7bc11baaae89f3f902b2b4d832b68234844"

[[projects]]
  digest = "1:e7071ed636b5422cc51c0e3a6cebc229d6c9fffc528814b519a980641422d619"
  name = "golang.org/x/text"
  packages = [
    "collate",
    "collate/build",
    "internal/colltab",
    "internal/gen",
    "internal/tag",
    "internal/triegen",
    "internal/ucd",
    "language",
    "secure/bidirule",
    "transform",
    "unicode/bidi",
    "unicode/cldr",
    "unicode/norm",
    "unicode/rangetable",
  ]
  pruneopts = "NUT"
  revision = "f21a4dfb5e38f5895301dc265a8def02365cc3d0"
  version = "v0.3.0"

[[projects]]
  branch = "master"
  digest = "1:c9e7a4b4d47c0ed205d257648b0e5b0440880cb728506e318f8ac7cd36270bc4"
  name = "golang.org/x/time"
  packages = ["rate"]
  pruneopts = "NUT"
  revision = "fbb02b2291d28baffd63558aa44b4b56f178d650"

[[projects]]
  digest = "1:e2da54c7866453ac5831c61c7ec5d887f39328cac088c806553303bff4048e6f"
  name = "google.golang.org/appengine"
  packages = [
    ".",
    "internal",
    "internal/app_identity",
    "internal/base",
    "internal/datastore",
    "internal/log",
    "internal/modules",
    "internal/remote_api",
    "internal/urlfetch",
    "urlfetch",
  ]
  pruneopts = "NUT"
  revision = "ae0ab99deb4dc413a2b4bd6c8bdd0eb67f1e4d06"
  version = "v1.2.0"

[[projects]]
  branch = "master"
  digest = "1:56b0bca90b7e5d1facf5fbdacba23e4e0ce069d25381b8e2f70ef1e7ebfb9c1a"
  name = "google.golang.org/genproto"
  packages = ["googleapis/rpc/status"]
  pruneopts = "NUT"
  revision = "94acd270e44e65579b9ee3cdab25034d33fed608"

[[projects]]
  digest = "1:5b805b8e03b29399b344655cac16873f026e54dc0a7c17b381f6f4d4c7b6d741"
  name = "google.golang.org/grpc"
  packages = [
    ".",
    "balancer",
    "balancer/base",
    "balancer/roundrobin",
    "codes",
    "connectivity",
    "credentials",
    "encoding",
    "encoding/proto",
    "grpclog",
    "internal",
    "internal/backoff",
    "internal/channelz",
    "internal/envconfig",
    "internal/grpcrand",
    "internal/transport",
    "keepalive",
    "metadata",
    "naming",
    "peer",
    "resolver",
    "resolver/dns",
    "resolver/passthrough",
    "stats",
    "status",
    "tap",
  ]
  pruneopts = "NUT"
  revision = "8dea3dc473e90c8179e519d91302d0597c0ca1d1"
  version = "v1.15.0"

[[projects]]
  digest = "1:2d1fbdc6777e5408cabeb02bf336305e724b925ff4546ded0fa8715a7267922a"
  name = "gopkg.in/inf.v0"
  packages = ["."]
  pruneopts = "NUT"
  revision = "d2d2541c53f18d2a059457998ce2876cc8e67cbf"
  version = "v0.9.1"

[[projects]]
  digest = "1:341a7df38da99fe91ed40e4008c13cc5d02dcc98ed1a094360cb7d5df26d6d26"
  name = "gopkg.in/logfmt.v0"
  packages = ["."]
  pruneopts = "NUT"
  revision = "390ab7935ee28ec6b286364bba9b4dd6410cb3d5"
  version = "v0.3.0"

[[projects]]
  digest = "1:91358b3a314c1ddfd4d6445ca9c1fb846842c31c153e626730594b3c95f73f4a"
  name = "gopkg.in/stack.v1"
  packages = ["."]
  pruneopts = "NUT"
  revision = "2fee6af1a9795aafbe0253a0cfbdf668e1fb8a9a"
  version = "v1.8.0"

[[projects]]
  digest = "1:7c95b35057a0ff2e19f707173cc1a947fa43a6eb5c4d300d196ece0334046082"
  name = "gopkg.in/yaml.v2"
  packages = ["."]
  pruneopts = "NUT"
  revision = "5420a8b6744d3b0345ab293f6fcba19c978f1183"
  version = "v2.2.1"

[[projects]]
  branch = "master"
  digest = "1:358c12249415725f1d6f1c808ec35badf273c8b9bf7cd12bae5489786d73d062"
  name = "istio.io/api"
  packages = [
    "authentication/v1alpha1",
    "mcp/v1alpha1",
    "mixer/adapter/model/v1beta1",
    "mixer/v1",
    "mixer/v1/config/client",
    "networking/v1alpha3",
    "policy/v1beta1",
    "rbac/v1alpha1",
  ]
  pruneopts = "T"
  revision = "246cae3eb30a604aeaf9541d343ef5c4cc3947b6"

[[projects]]
  branch = "remove-signalfx-adapter"
  digest = "1:78e0951dc443a4c817403f9d7bee336969ab2fd0c25ada93f78c3f22e8bca96d"
  name = "istio.io/istio"
  packages = [
    "galley/pkg/kube",
    "galley/pkg/kube/converter",
    "galley/pkg/kube/converter/legacy",
    "galley/pkg/metadata",
    "galley/pkg/metadata/kube",
    "galley/pkg/runtime/resource",
    "mixer/adapter/kubernetesenv/template",
    "mixer/adapter/servicecontrol/template/servicecontrolreport",
    "mixer/pkg/adapter",
    "mixer/pkg/adapter/test",
    "mixer/pkg/api",
    "mixer/pkg/attribute",
    "mixer/pkg/checkcache",
    "mixer/pkg/config",
    "mixer/pkg/config/crd",
    "mixer/pkg/config/mcp",
    "mixer/pkg/config/store",
    "mixer/pkg/config/storetest",
    "mixer/pkg/il",
    "mixer/pkg/il/interpreter",
    "mixer/pkg/il/text",
    "mixer/pkg/lang",
    "mixer/pkg/lang/ast",
    "mixer/pkg/lang/checker",
    "mixer/pkg/lang/compiled",
    "mixer/pkg/lang/compiler",
    "mixer/pkg/pool",
    "mixer/pkg/protobuf/descriptor",
    "mixer/pkg/protobuf/yaml",
    "mixer/pkg/protobuf/yaml/dynamic",
    "mixer/pkg/protobuf/yaml/wire",
    "mixer/pkg/runtime",
    "mixer/pkg/runtime/config",
    "mixer/pkg/runtime/config/constant",
    "mixer/pkg/runtime/dispatcher",
    "mixer/pkg/runtime/handler",
    "mixer/pkg/runtime/monitoring",
    "mixer/pkg/runtime/routing",
    "mixer/pkg/runtime/safecall",
    "mixer/pkg/server",
    "mixer/pkg/status",
    "mixer/pkg/template",
    "mixer/template",
    "mixer/template/apikey",
    "mixer/template/authorization",
    "mixer/template/checknothing",
    "mixer/template/edge",
    "mixer/template/listentry",
    "mixer/template/logentry",
    "mixer/template/metric",
    "mixer/template/quota",
    "mixer/template/reportnothing",
    "mixer/template/tracespan",
    "pilot/test/util",
    "pkg/cache",
    "pkg/ctrlz",
    "pkg/ctrlz/fw",
    "pkg/ctrlz/topics",
    "pkg/log",
    "pkg/mcp/client",
    "pkg/mcp/configz",
    "pkg/mcp/creds",
    "pkg/mcp/server",
    "pkg/mcp/snapshot",
    "pkg/probe",
    "pkg/tracing",
    "pkg/version",
    "security/pkg/pki/util",
  ]
  pruneopts = "T"
  revision = "1f91a0f541eb73de2c2e7b18ddbbd52fd3fc565f"
  source = "github.com/signalfx/istio"

[[projects]]
  branch = "release-1.11"
  digest = "1:66dba704ec98aef0d6485f4fcfe544c906a7319fb2b20e0de4181b46a3b24c8a"
  name = "k8s.io/api"
  packages = [
    "admissionregistration/v1alpha1",
    "admissionregistration/v1beta1",
    "apps/v1",
    "apps/v1beta1",
    "apps/v1beta2",
    "authentication/v1",
    "authentication/v1beta1",
    "authorization/v1",
    "authorization/v1beta1",
    "autoscaling/v1",
    "autoscaling/v2beta1",
    "batch/v1",
    "batch/v1beta1",
    "batch/v2alpha1",
    "certificates/v1beta1",
    "core/v1",
    "events/v1beta1",
    "extensions/v1beta1",
    "networking/v1",
    "policy/v1beta1",
    "rbac/v1",
    "rbac/v1alpha1",
    "rbac/v1beta1",
    "scheduling/v1alpha1",
    "scheduling/v1beta1",
    "settings/v1alpha1",
    "storage/v1",
    "storage/v1alpha1",
    "storage/v1beta1",
  ]
  pruneopts = "NUT"
  revision = "4e7be11eab3ffcfc1876898b8272df53785a9504"

[[projects]]
  digest = "1:d311d2659f67a6b43eb649d03188fa12558b2575eb57ffef4a472157a2ef645a"
  name = "k8s.io/apimachinery"
  packages = [
    "pkg/api/errors",
    "pkg/api/meta",
    "pkg/api/resource",
    "pkg/apis/meta/internalversion",
    "pkg/apis/meta/v1",
    "pkg/apis/meta/v1/unstructured",
    "pkg/apis/meta/v1beta1",
    "pkg/conversion",
    "pkg/conversion/queryparams",
    "pkg/fields",
    "pkg/labels",
    "pkg/runtime",
    "pkg/runtime/schema",
    "pkg/runtime/serializer",
    "pkg/runtime/serializer/json",
    "pkg/runtime/serializer/protobuf",
    "pkg/runtime/serializer/recognizer",
    "pkg/runtime/serializer/streaming",
    "pkg/runtime/serializer/versioning",
    "pkg/selection",
    "pkg/types",
    "pkg/util/cache",
    "pkg/util/clock",
    "pkg/util/diff",
    "pkg/util/errors",
    "pkg/util/framer",
    "pkg/util/intstr",
    "pkg/util/json",
    "pkg/util/net",
    "pkg/util/runtime",
    "pkg/util/sets",
    "pkg/util/validation",
    "pkg/util/validation/field",
    "pkg/util/wait",
    "pkg/util/yaml",
    "pkg/version",
    "pkg/watch",
    "third_party/forked/golang/reflect",
  ]
  pruneopts = "NUT"
  revision = "def12e63c512da17043b4f0293f52d1006603d9f"
  version = "kubernetes-1.11.3"

[[projects]]
  branch = "release-8.0"
  digest = "1:917566003b8c60e8883ca1bd15d220c5a8227488a2f0dfc9b6bb9ef4b1f3ade2"
  name = "k8s.io/client-go"
  packages = [
    "discovery",
    "dynamic",
    "kubernetes",
    "kubernetes/scheme",
    "kubernetes/typed/admissionregistration/v1alpha1",
    "kubernetes/typed/admissionregistration/v1beta1",
    "kubernetes/typed/apps/v1",
    "kubernetes/typed/apps/v1beta1",
    "kubernetes/typed/apps/v1beta2",
    "kubernetes/typed/authentication/v1",
    "kubernetes/typed/authentication/v1beta1",
    "kubernetes/typed/authorization/v1",
    "kubernetes/typed/authorization/v1beta1",
    "kubernetes/typed/autoscaling/v1",
    "kubernetes/typed/autoscaling/v2beta1",
    "kubernetes/typed/batch/v1",
    "kubernetes/typed/batch/v1beta1",
    "kubernetes/typed/batch/v2alpha1",
    "kubernetes/typed/certificates/v1beta1",
    "kubernetes/typed/core/v1",
    "kubernetes/typed/events/v1beta1",
    "kubernetes/typed/extensions/v1beta1",
    "kubernetes/typed/networking/v1",
    "kubernetes/typed/policy/v1beta1",
    "kubernetes/typed/rbac/v1",
    "kubernetes/typed/rbac/v1alpha1",
    "kubernetes/typed/rbac/v1beta1",
    "kubernetes/typed/scheduling/v1alpha1",
    "kubernetes/typed/scheduling/v1beta1",
    "kubernetes/typed/settings/v1alpha1",
    "kubernetes/typed/storage/v1",
    "kubernetes/typed/storage/v1alpha1",
    "kubernetes/typed/storage/v1beta1",
    "pkg/apis/clientauthentication",
    "pkg/apis/clientauthentication/v1alpha1",
    "pkg/apis/clientauthentication/v1beta1",
    "pkg/version",
    "plugin/pkg/client/auth/exec",
    "plugin/pkg/client/auth/gcp",
    "plugin/pkg/client/auth/oidc",
    "rest",
    "rest/watch",
    "third_party/forked/golang/template",
    "tools/auth",
    "tools/cache",
    "tools/clientcmd",
    "tools/clientcmd/api",
    "tools/clientcmd/api/latest",
    "tools/clientcmd/api/v1",
    "tools/metrics",
    "tools/pager",
    "tools/reference",
    "transport",
    "util/buffer",
    "util/cert",
    "util/connrotation",
    "util/flowcontrol",
    "util/homedir",
    "util/integer",
    "util/jsonpath",
    "util/retry",
  ]
  pruneopts = "NUT"
  revision = "56e7a63b5e38b614bb7cb8c49ed26dc991b324c4"

[solve-meta]
  analyzer-name = "dep"
  analyzer-version = 1
  input-imports = [
    "github.com/gogo/googleapis/google/rpc",
    "github.com/gogo/protobuf/gogoproto",
    "github.com/gogo/protobuf/proto",
    "github.com/gogo/protobuf/types",
    "github.com/golang/glog",
    "github.com/golang/protobuf/proto",
    "github.com/hashicorp/go-multierror",
    "github.com/signalfx/com_signalfx_metrics_protobuf",
    "github.com/signalfx/golib/datapoint",
    "github.com/signalfx/golib/errors",
    "github.com/signalfx/golib/pointer",
    "github.com/signalfx/golib/sfxclient",
    "github.com/signalfx/golib/trace",
    "go.opencensus.io/trace",
    "google.golang.org/grpc",
    "istio.io/api/mixer/adapter/model/v1beta1",
    "istio.io/api/policy/v1beta1",
    "istio.io/istio/mixer/pkg/adapter",
    "istio.io/istio/mixer/pkg/adapter/test",
    "istio.io/istio/mixer/template/metric",
    "istio.io/istio/mixer/template/tracespan",
  ]
  solver-name = "gps-cdcl"
  solver-version = 1
